
Microsoft Visual Studio Solution File, Format Version 12.00
# Visual Studio Version 17
VisualStudioVersion = 17.3.32901.215
MinimumVisualStudioVersion = 10.0.40219.1
Project("{FAE04EC0-301F-11D3-BF4B-00C04F79EFBC}") = "HackathonTest2", "HackathonTest2.csproj", "{7B06C27C-5ED7-4C66-959C-BC9001C431F4}"
EndProject
Global
	GlobalSection(SolutionConfigurationPlatforms) = preSolution
		Debug|Any CPU = Debug|Any CPU
		Release|Any CPU = Release|Any CPU
	EndGlobalSection
	GlobalSection(ProjectConfigurationPlatforms) = postSolution
		{7B06C27C-5ED7-4C66-959C-BC9001C431F4}.Debug|Any CPU.ActiveCfg = Debug|Any CPU
		{7B06C27C-5ED7-4C66-959C-BC9001C431F4}.Debug|Any CPU.Build.0 = Debug|Any CPU
		{7B06C27C-5ED7-4C66-959C-BC9001C431F4}.Release|Any CPU.ActiveCfg = Release|Any CPU
		{7B06C27C-5ED7-4C66-959C-BC9001C431F4}.Release|Any CPU.Build.0 = Release|Any CPU
	EndGlobalSection
	GlobalSection(SolutionProperties) = preSolution
		HideSolutionNode = FALSE
	EndGlobalSection
	GlobalSection(ExtensibilityGlobals) = postSolution
		SolutionGuid = {0ECE7D50-DEB6-4109-8EB4-8DC0B590957F}
	EndGlobalSection
EndGlobal
